Microsoft Visual Studio Solution File, Format Version 12.00
# Visual Studio Version 17
VisualStudioVersion = 17.5.2.0
MinimumVisualStudioVersion = 10.0.40219.1
Project("{FAE04EC0-301F-11D3-BF4B-00C04F79EFBC}") = "ServiceREST", "ServiceREST.csproj", "{7A0C49DD-A37F-6265-5DDD-8C49A78E88E1}"
EndProject
Global
	GlobalSection(SolutionConfigurationPlatforms) = preSolution
		Debug|Any CPU = Debug|Any CPU
		Release|Any CPU = Release|Any CPU
	EndGlobalSection
	GlobalSection(ProjectConfigurationPlatforms) = postSolution
		{7A0C49DD-A37F-6265-5DDD-8C49A78E88E1}.Debug|Any CPU.ActiveCfg = Debug|Any CPU
		{7A0C49DD-A37F-6265-5DDD-8C49A78E88E1}.Debug|Any CPU.Build.0 = Debug|Any CPU
		{7A0C49DD-A37F-6265-5DDD-8C49A78E88E1}.Release|Any CPU.ActiveCfg = Release|Any CPU
		{7A0C49DD-A37F-6265-5DDD-8C49A78E88E1}.Release|Any CPU.Build.0 = Release|Any CPU
	EndGlobalSection
	GlobalSection(SolutionProperties) = preSolution
		HideSolutionNode = FALSE
	EndGlobalSection
	GlobalSection(ExtensibilityGlobals) = postSolution
		SolutionGuid = {2A13A2D8-BB11-408D-8CAE-C1730CB16F52}
	EndGlobalSection
EndGlobal
